{
    "_readme": [
        "This file locks the dependencies of your project to a known state",
        "Read more about it at https://getcomposer.org/doc/01-basic-usage.md#composer-lock-the-lock-file",
        "This file is @generated automatically"
    ],
    "content-hash": "c615594b1221fbd6c2c5efa3d43f553b",
    "packages": [
        {
            "name": "zedchi/verify",
            "version": "v0.7.3",
            "source": {
                "type": "git",
                "url": "https://github.com/Zed-chi/verify.git",
                "reference": "03c0d476f18b547481849853e34b60afcf8ccdd5"
            },
            "dist": {
                "type": "zip",
                "url": "https://api.github.com/repos/Zed-chi/verify/zipball/03c0d476f18b547481849853e34b60afcf8ccdd5",
                "reference": "03c0d476f18b547481849853e34b60afcf8ccdd5",
                "shasum": ""
            },
            "type": "library",
            "autoload": {
                "psr-4": {
                    "Zedchi\\": "src"
                }
            },
            "notification-url": "https://packagist.org/downloads/",
            "authors": [
                {
                    "name": "Alex",
                    "email": "zed-chi@mail.ru"
                }
            ],
            "time": "2018-01-22T07:40:31+00:00"
        }
    ],
    "packages-dev": [],
    "aliases": [],
    "minimum-stability": "stable",
    "stability-flags": [],
    "prefer-stable": false,
    "prefer-lowest": false,
    "platform": [],
    "platform-dev": []
}
